
Microsoft Visual Studio Solution File, Format Version 12.00
# Visual Studio 2017
Project("{FAE04EC0-301F-11D3-BF4B-00C04F79EFBC}") = "IA_ProyectoFinal(V13)", "IA_ProyectoFinal(V13).csproj", "{F68A1EBA-9AEA-8890-6156-2BA4D4C64CD7}"
EndProject
Global
	GlobalSection(SolutionConfigurationPlatforms) = preSolution
		Debug|Any CPU = Debug|Any CPU
		Release|Any CPU = Release|Any CPU
	EndGlobalSection
	GlobalSection(ProjectConfigurationPlatforms) = postSolution
		{F68A1EBA-9AEA-8890-6156-2BA4D4C64CD7}.Debug|Any CPU.ActiveCfg = Debug|Any CPU
		{F68A1EBA-9AEA-8890-6156-2BA4D4C64CD7}.Debug|Any CPU.Build.0 = Debug|Any CPU
		{F68A1EBA-9AEA-8890-6156-2BA4D4C64CD7}.Release|Any CPU.ActiveCfg = Release|Any CPU
		{F68A1EBA-9AEA-8890-6156-2BA4D4C64CD7}.Release|Any CPU.Build.0 = Release|Any CPU
	EndGlobalSection
	GlobalSection(SolutionProperties) = preSolution
		HideSolutionNode = FALSE
	EndGlobalSection
EndGlobal
